
Microsoft Visual Studio Solution File, Format Version 12.00
# Visual Studio Version 17
VisualStudioVersion = 17.2.32516.85
MinimumVisualStudioVersion = 10.0.40219.1
Project("{9A19103F-16F7-4668-BE54-9A1E7A4F7556}") = "IntelligentSampleEnginePOC.UI", "IntelligentSampleEnginePOC.UI\IntelligentSampleEnginePOC.UI.csproj", "{CCD2F55F-C2AF-4909-8883-5B8948211FC8}"
EndProject
Project("{FAE04EC0-301F-11D3-BF4B-00C04F79EFBC}") = "IntelligentSampleEnginePOC.UI.Tests", "IntelligentSampleEnginePOC.UI.Tests\IntelligentSampleEnginePOC.UI.Tests.csproj", "{4E91F7BB-6EB2-4D54-9C72-3F46A3877FCC}"
EndProject
Global
	GlobalSection(SolutionConfigurationPlatforms) = preSolution
		Debug|Any CPU = Debug|Any CPU
		Release|Any CPU = Release|Any CPU
	EndGlobalSection
	GlobalSection(ProjectConfigurationPlatforms) = postSolution
		{CCD2F55F-C2AF-4909-8883-5B8948211FC8}.Debug|Any CPU.ActiveCfg = Debug|Any CPU
		{CCD2F55F-C2AF-4909-8883-5B8948211FC8}.Debug|Any CPU.Build.0 = Debug|Any CPU
		{CCD2F55F-C2AF-4909-8883-5B8948211FC8}.Release|Any CPU.ActiveCfg = Release|Any CPU
		{CCD2F55F-C2AF-4909-8883-5B8948211FC8}.Release|Any CPU.Build.0 = Release|Any CPU
		{4E91F7BB-6EB2-4D54-9C72-3F46A3877FCC}.Debug|Any CPU.ActiveCfg = Debug|Any CPU
		{4E91F7BB-6EB2-4D54-9C72-3F46A3877FCC}.Debug|Any CPU.Build.0 = Debug|Any CPU
		{4E91F7BB-6EB2-4D54-9C72-3F46A3877FCC}.Release|Any CPU.ActiveCfg = Release|Any CPU
		{4E91F7BB-6EB2-4D54-9C72-3F46A3877FCC}.Release|Any CPU.Build.0 = Release|Any CPU
	EndGlobalSection
	GlobalSection(SolutionProperties) = preSolution
		HideSolutionNode = FALSE
	EndGlobalSection
	GlobalSection(ExtensibilityGlobals) = postSolution
		SolutionGuid = {E63D0FBC-B30C-4174-9CD6-8F92C0E5CB92}
	EndGlobalSection
EndGlobal
